// !$*UTF8*$!
{
	archiveVersion = 1;
	classes = {
	};
	objectVersion = 77;
	objects = {

/* Begin PBXBuildFile section */
		0C48DDC49A34AB89D58FA7F9 /* MoltenFileTree.swift in Sources */ = {isa = PBXBuildFile; fileRef = 69B963AF68B8813AD1805B14 /* MoltenFileTree.swift */; };
		0D5C85462A8D17749D814194 /* main.swift in Sources */ = {isa = PBXBuildFile; fileRef = 32C1CA5D7AEA1874EF4D9DC1 /* main.swift */; };
		0EF2DD5FAD7CEE59AB6BBFB9 /* zh-Hans.lproj in Resources */ = {isa = PBXBuildFile; fileRef = 65A34CEF3F71C4A7D8F56296 /* zh-Hans.lproj */; };
		0FAAA45F0430D0A8C79C081B /* BookmarkResolution.swift in Sources */ = {isa = PBXBuildFile; fileRef = E62A43DF8DB92F64B9893EE1 /* BookmarkResolution.swift */; };
		15CFA06377BFD9D42A3B70A6 /* MoltenProjectsWindow.swift in Sources */ = {isa = PBXBuildFile; fileRef = 895CCE1A03242370AAC8910D /* MoltenProjectsWindow.swift */; };
		1FE7F87AF5697C05008B516C /* L10n.swift in Sources */ = {isa = PBXBuildFile; fileRef = 705C94FA269E283DFB0085F8 /* L10n.swift */; };
		20206DE87C4F13E73B17D0C0 /* MoltenEditorBridgeTests.swift in Sources */ = {isa = PBXBuildFile; fileRef = 824B85B547ECFF97AEE3A93A /* MoltenEditorBridgeTests.swift */; };
		205063E9639C387B0DB1F9ED /* MoltenEditorViewController.swift in Sources */ = {isa = PBXBuildFile; fileRef = B9B9B890670FCE5A4A517E87 /* MoltenEditorViewController.swift */; };
		288FEDCB52E4D3CCE520EDCC /* MoltenLog.swift in Sources */ = {isa = PBXBuildFile; fileRef = 985A890ADC043124F74615CC /* MoltenLog.swift */; };
		2E0862952466BF5A7E95896B /* imagecard in Resources */ = {isa = PBXBuildFile; fileRef = 7A536FAFD39F2B961E24C133 /* imagecard */; };
		3AA68C4032D8F2C1FC602725 /* en.lproj in Resources */ = {isa = PBXBuildFile; fileRef = A90A2BCB1FAF2D99E30C42C2 /* en.lproj */; };
		4A458458C2E3311DB26F47D4 /* MoltenWorkspaceViewController.swift in Sources */ = {isa = PBXBuildFile; fileRef = EB52B1E366015150046034BB /* MoltenWorkspaceViewController.swift */; };
		4BF1666B909FE3A793977811 /* MoltenAppDelegate.swift in Sources */ = {isa = PBXBuildFile; fileRef = 393B627AAD075257FD4369B8 /* MoltenAppDelegate.swift */; };
		57982201048DACF75C364169 /* MoltenFrontMatterTests.swift in Sources */ = {isa = PBXBuildFile; fileRef = 4F7C929C3E4EE8CA13CE4DC2 /* MoltenFrontMatterTests.swift */; };
		5DDE4596B0667C6B13BB7121 /* MoltenFileTreeSidebar.swift in Sources */ = {isa = PBXBuildFile; fileRef = B724D4778BF1EB40504A1552 /* MoltenFileTreeSidebar.swift */; };
		68D02EF0D49DB2CAC4868467 /* MoltenImageCardTypes.swift in Sources */ = {isa = PBXBuildFile; fileRef = AB0A032801C50974AEF48AA5 /* MoltenImageCardTypes.swift */; };
		744E8B972E2F12D641D38DFC /* MoltenAssetSchemeHandler.swift in Sources */ = {isa = PBXBuildFile; fileRef = CA525551E7A60DF5D24E2470 /* MoltenAssetSchemeHandler.swift */; };
		747299B76B610BAA7532E785 /* MoltenDocument.swift in Sources */ = {isa = PBXBuildFile; fileRef = C089F2045DF7F5AECE92D4FC /* MoltenDocument.swift */; };
		75A011BD5BD15BC5291B2A09 /* MoltenExporterTests.swift in Sources */ = {isa = PBXBuildFile; fileRef = 3D9386618A7E01B945A220F3 /* MoltenExporterTests.swift */; };
		7B8F48CA4E578AAE2F744146 /* MoltenImageCardRenderTests.swift in Sources */ = {isa = PBXBuildFile; fileRef = 94FFF0E225D68003ABF6860A /* MoltenImageCardRenderTests.swift */; };
		7FC51F5C553ACF5E6F7F1274 /* MoltenProject.swift in Sources */ = {isa = PBXBuildFile; fileRef = 67531834651DC84CC9D64B6A /* MoltenProject.swift */; };
		829C988486926969746F8C07 /* MoltenExporter.swift in Sources */ = {isa = PBXBuildFile; fileRef = 4CF350894101084313C945E3 /* MoltenExporter.swift */; };
		8CF9CF8432D3596565D471C2 /* vendor in Resources */ = {isa = PBXBuildFile; fileRef = 77DF7B07F0E6B9C3CA4C3B8D /* vendor */; };
		99D7087CE7931BE3F61F8981 /* MoltenDocumentController.swift in Sources */ = {isa = PBXBuildFile; fileRef = C9280DD85DB8006255FB27FE /* MoltenDocumentController.swift */; };
		A38A3A9477D1F2E1272DD92D /* MoltenProjectContentSearch.swift in Sources */ = {isa = PBXBuildFile; fileRef = 0E54705283B29EB1A2949270 /* MoltenProjectContentSearch.swift */; };
		A4131B567265C427608C7DD4 /* MoltenWordCountTests.swift in Sources */ = {isa = PBXBuildFile; fileRef = 0D82EA379B0128A30CE49CC7 /* MoltenWordCountTests.swift */; };
		A4B73C28D73389AF0631F99D /* MoltenProjectStoreTests.swift in Sources */ = {isa = PBXBuildFile; fileRef = 5799DC301D046AF70D35FE46 /* MoltenProjectStoreTests.swift */; };
		A67E238727EE7930752DEEC9 /* MoltenWordCount.swift in Sources */ = {isa = PBXBuildFile; fileRef = 00E4425EA69A153621A4DE98 /* MoltenWordCount.swift */; };
		ABE4566A09CC1B06742BF5EF /* WebKit.framework in Frameworks */ = {isa = PBXBuildFile; fileRef = 6BDBC09D8CB002C8F8CBB5A2 /* WebKit.framework */; };
		B7DEA19F47FDEB4C04E8B447 /* MoltenDocumentTests.swift in Sources */ = {isa = PBXBuildFile; fileRef = 6ACCAF3BCEB4738AE0C62C29 /* MoltenDocumentTests.swift */; };
		B98A6349F6A347A407B5F23F /* MoltenDraftsStore.swift in Sources */ = {isa = PBXBuildFile; fileRef = 4E45CA5C0AFA9E5C7FA10ABA /* MoltenDraftsStore.swift */; };
		BBFB02FC84DC34D2AA2057CF /* MoltenImageAttachmentTests.swift in Sources */ = {isa = PBXBuildFile; fileRef = B8512B471BC06414A58CC903 /* MoltenImageAttachmentTests.swift */; };
		BEBF22D1591DF492F00F7952 /* MoltenProjectStore.swift in Sources */ = {isa = PBXBuildFile; fileRef = 0FB726D31B5778A7BE09F5F2 /* MoltenProjectStore.swift */; };
		D6F3CE95E133E1F60AF493F5 /* MoltenExternalReloadTests.swift in Sources */ = {isa = PBXBuildFile; fileRef = 3E758BBBFCA1CD1894CAF1D9 /* MoltenExternalReloadTests.swift */; };
		D8D2B8B98F8894B64F08157A /* Assets.xcassets in Resources */ = {isa = PBXBuildFile; fileRef = A078D38927778B1BA373E090 /* Assets.xcassets */; };
		DE568BF4BFFD3C3D41C202E1 /* MoltenFolderAccess.swift in Sources */ = {isa = PBXBuildFile; fileRef = B5F7E958C8E053540B6AAFC1 /* MoltenFolderAccess.swift */; };
		E2957259445F4658DCCE578E /* MoltenImageCardExportView.swift in Sources */ = {isa = PBXBuildFile; fileRef = 3F1D4B912BBB78EA62A79810 /* MoltenImageCardExportView.swift */; };
		EDE1030EFA7B18D7398610FD /* JavaScriptStringLiteral.swift in Sources */ = {isa = PBXBuildFile; fileRef = DCFDE872D5FA41BF846D8872 /* JavaScriptStringLiteral.swift */; };
		EFC4FA5BD93B1F4754325A3A /* MoltenFrontMatter.swift in Sources */ = {isa = PBXBuildFile; fileRef = 7CB667D2447B58BD5C36F775 /* MoltenFrontMatter.swift */; };
		F820BB566CDCC61B1107DFC1 /* dist in Resources */ = {isa = PBXBuildFile; fileRef = 1B8A2DDA6085B50FE670D647 /* dist */; };
/* End PBXBuildFile section */

/* Begin PBXContainerItemProxy section */
		47BBB15F8EA228D10494C4AC /* PBXContainerItemProxy */ = {
			isa = PBXContainerItemProxy;
			containerPortal = 96F2D1ABA9235DDF21F94D48 /* Project object */;
			proxyType = 1;
			remoteGlobalIDString = E6CCD85BEE81D8FF2ED073CA;
			remoteInfo = Molten;
		};
/* End PBXContainerItemProxy section */

/* Begin PBXFileReference section */
		00E4425EA69A153621A4DE98 /* MoltenWordCount.swift */ = {isa = PBXFileReference; lastKnownFileType = sourcecode.swift; path = MoltenWordCount.swift; sourceTree = "<group>"; };
		0D82EA379B0128A30CE49CC7 /* MoltenWordCountTests.swift */ = {isa = PBXFileReference; lastKnownFileType = sourcecode.swift; path = MoltenWordCountTests.swift; sourceTree = "<group>"; };
		0E54705283B29EB1A2949270 /* MoltenProjectContentSearch.swift */ = {isa = PBXFileReference; lastKnownFileType = sourcecode.swift; path = MoltenProjectContentSearch.swift; sourceTree = "<group>"; };
		0FB726D31B5778A7BE09F5F2 /* MoltenProjectStore.swift */ = {isa = PBXFileReference; lastKnownFileType = sourcecode.swift; path = MoltenProjectStore.swift; sourceTree = "<group>"; };
		1B8A2DDA6085B50FE670D647 /* dist */ = {isa = PBXFileReference; lastKnownFileType = folder; name = dist; path = Resources/dist; sourceTree = SOURCE_ROOT; };
		2AABB7864A1D73695F8A1F5F /* Info.plist */ = {isa = PBXFileReference; lastKnownFileType = text.plist; path = Info.plist; sourceTree = "<group>"; };
		32C1CA5D7AEA1874EF4D9DC1 /* main.swift */ = {isa = PBXFileReference; lastKnownFileType = sourcecode.swift; path = main.swift; sourceTree = "<group>"; };
		393B627AAD075257FD4369B8 /* MoltenAppDelegate.swift */ = {isa = PBXFileReference; lastKnownFileType = sourcecode.swift; path = MoltenAppDelegate.swift; sourceTree = "<group>"; };
		3D9386618A7E01B945A220F3 /* MoltenExporterTests.swift */ = {isa = PBXFileReference; lastKnownFileType = sourcecode.swift; path = MoltenExporterTests.swift; sourceTree = "<group>"; };
		3E758BBBFCA1CD1894CAF1D9 /* MoltenExternalReloadTests.swift */ = {isa = PBXFileReference; lastKnownFileType = sourcecode.swift; path = MoltenExternalReloadTests.swift; sourceTree = "<group>"; };
		3F1D4B912BBB78EA62A79810 /* MoltenImageCardExportView.swift */ = {isa = PBXFileReference; lastKnownFileType = sourcecode.swift; path = MoltenImageCardExportView.swift; sourceTree = "<group>"; };
		4CF350894101084313C945E3 /* MoltenExporter.swift */ = {isa = PBXFileReference; lastKnownFileType = sourcecode.swift; path = MoltenExporter.swift; sourceTree = "<group>"; };
		4E45CA5C0AFA9E5C7FA10ABA /* MoltenDraftsStore.swift */ = {isa = PBXFileReference; lastKnownFileType = sourcecode.swift; path = MoltenDraftsStore.swift; sourceTree = "<group>"; };
		4F7C929C3E4EE8CA13CE4DC2 /* MoltenFrontMatterTests.swift */ = {isa = PBXFileReference; lastKnownFileType = sourcecode.swift; path = MoltenFrontMatterTests.swift; sourceTree = "<group>"; };
		5799DC301D046AF70D35FE46 /* MoltenProjectStoreTests.swift */ = {isa = PBXFileReference; lastKnownFileType = sourcecode.swift; path = MoltenProjectStoreTests.swift; sourceTree = "<group>"; };
		65A34CEF3F71C4A7D8F56296 /* zh-Hans.lproj */ = {isa = PBXFileReference; lastKnownFileType = folder; name = "zh-Hans.lproj"; path = "Resources/zh-Hans.lproj"; sourceTree = SOURCE_ROOT; };
		67531834651DC84CC9D64B6A /* MoltenProject.swift */ = {isa = PBXFileReference; lastKnownFileType = sourcecode.swift; path = MoltenProject.swift; sourceTree = "<group>"; };
		69B963AF68B8813AD1805B14 /* MoltenFileTree.swift */ = {isa = PBXFileReference; lastKnownFileType = sourcecode.swift; path = MoltenFileTree.swift; sourceTree = "<group>"; };
		6ACCAF3BCEB4738AE0C62C29 /* MoltenDocumentTests.swift */ = {isa = PBXFileReference; lastKnownFileType = sourcecode.swift; path = MoltenDocumentTests.swift; sourceTree = "<group>"; };
		6BDBC09D8CB002C8F8CBB5A2 /* WebKit.framework */ = {isa = PBXFileReference; lastKnownFileType = wrapper.framework; name = WebKit.framework; path = System/Library/Frameworks/WebKit.framework; sourceTree = SDKROOT; };
		705C94FA269E283DFB0085F8 /* L10n.swift */ = {isa = PBXFileReference; lastKnownFileType = sourcecode.swift; path = L10n.swift; sourceTree = "<group>"; };
		77DF7B07F0E6B9C3CA4C3B8D /* vendor */ = {isa = PBXFileReference; lastKnownFileType = folder; name = vendor; path = Resources/vendor; sourceTree = SOURCE_ROOT; };
		7A536FAFD39F2B961E24C133 /* imagecard */ = {isa = PBXFileReference; lastKnownFileType = folder; name = imagecard; path = Resources/imagecard; sourceTree = SOURCE_ROOT; };
		7CB667D2447B58BD5C36F775 /* MoltenFrontMatter.swift */ = {isa = PBXFileReference; lastKnownFileType = sourcecode.swift; path = MoltenFrontMatter.swift; sourceTree = "<group>"; };
		7E2F036BA734652323B095D1 /* Molten.app */ = {isa = PBXFileReference; explicitFileType = wrapper.application; includeInIndex = 0; path = Molten.app; sourceTree = BUILT_PRODUCTS_DIR; };
		824B85B547ECFF97AEE3A93A /* MoltenEditorBridgeTests.swift */ = {isa = PBXFileReference; lastKnownFileType = sourcecode.swift; path = MoltenEditorBridgeTests.swift; sourceTree = "<group>"; };
		895CCE1A03242370AAC8910D /* MoltenProjectsWindow.swift */ = {isa = PBXFileReference; lastKnownFileType = sourcecode.swift; path = MoltenProjectsWindow.swift; sourceTree = "<group>"; };
		94FFF0E225D68003ABF6860A /* MoltenImageCardRenderTests.swift */ = {isa = PBXFileReference; lastKnownFileType = sourcecode.swift; path = MoltenImageCardRenderTests.swift; sourceTree = "<group>"; };
		985A890ADC043124F74615CC /* MoltenLog.swift */ = {isa = PBXFileReference; lastKnownFileType = sourcecode.swift; path = MoltenLog.swift; sourceTree = "<group>"; };
		A078D38927778B1BA373E090 /* Assets.xcassets */ = {isa = PBXFileReference; lastKnownFileType = folder.assetcatalog; path = Assets.xcassets; sourceTree = "<group>"; };
		A90A2BCB1FAF2D99E30C42C2 /* en.lproj */ = {isa = PBXFileReference; lastKnownFileType = folder; name = en.lproj; path = Resources/en.lproj; sourceTree = SOURCE_ROOT; };
		AB0A032801C50974AEF48AA5 /* MoltenImageCardTypes.swift */ = {isa = PBXFileReference; lastKnownFileType = sourcecode.swift; path = MoltenImageCardTypes.swift; sourceTree = "<group>"; };
		B579A50421E03159FDEC17EC /* MoltenTests.xctest */ = {isa = PBXFileReference; explicitFileType = wrapper.cfbundle; includeInIndex = 0; path = MoltenTests.xctest; sourceTree = BUILT_PRODUCTS_DIR; };
		B5F7E958C8E053540B6AAFC1 /* MoltenFolderAccess.swift */ = {isa = PBXFileReference; lastKnownFileType = sourcecode.swift; path = MoltenFolderAccess.swift; sourceTree = "<group>"; };
		B724D4778BF1EB40504A1552 /* MoltenFileTreeSidebar.swift */ = {isa = PBXFileReference; lastKnownFileType = sourcecode.swift; path = MoltenFileTreeSidebar.swift; sourceTree = "<group>"; };
		B8512B471BC06414A58CC903 /* MoltenImageAttachmentTests.swift */ = {isa = PBXFileReference; lastKnownFileType = sourcecode.swift; path = MoltenImageAttachmentTests.swift; sourceTree = "<group>"; };
		B9B9B890670FCE5A4A517E87 /* MoltenEditorViewController.swift */ = {isa = PBXFileReference; lastKnownFileType = sourcecode.swift; path = MoltenEditorViewController.swift; sourceTree = "<group>"; };
		C089F2045DF7F5AECE92D4FC /* MoltenDocument.swift */ = {isa = PBXFileReference; lastKnownFileType = sourcecode.swift; path = MoltenDocument.swift; sourceTree = "<group>"; };
		C9280DD85DB8006255FB27FE /* MoltenDocumentController.swift */ = {isa = PBXFileReference; lastKnownFileType = sourcecode.swift; path = MoltenDocumentController.swift; sourceTree = "<group>"; };
		CA525551E7A60DF5D24E2470 /* MoltenAssetSchemeHandler.swift */ = {isa = PBXFileReference; lastKnownFileType = sourcecode.swift; path = MoltenAssetSchemeHandler.swift; sourceTree = "<group>"; };
		DCFDE872D5FA41BF846D8872 /* JavaScriptStringLiteral.swift */ = {isa = PBXFileReference; lastKnownFileType = sourcecode.swift; path = JavaScriptStringLiteral.swift; sourceTree = "<group>"; };
		E62A43DF8DB92F64B9893EE1 /* BookmarkResolution.swift */ = {isa = PBXFileReference; lastKnownFileType = sourcecode.swift; path = BookmarkResolution.swift; sourceTree = "<group>"; };
		EB52B1E366015150046034BB /* MoltenWorkspaceViewController.swift */ = {isa = PBXFileReference; lastKnownFileType = sourcecode.swift; path = MoltenWorkspaceViewController.swift; sourceTree = "<group>"; };
/* End PBXFileReference section */

/* Begin PBXFrameworksBuildPhase section */
		9FAC36CEB083EBDA03DF61BF /* Frameworks */ = {
			isa = PBXFrameworksBuildPhase;
			buildActionMask = 2147483647;
			files = (
				ABE4566A09CC1B06742BF5EF /* WebKit.framework in Frameworks */,
			);
			runOnlyForDeploymentPostprocessing = 0;
		};
/* End PBXFrameworksBuildPhase section */

/* Begin PBXGroup section */
		0C2788C3BCF1FE19FCA774A4 /* Products */ = {
			isa = PBXGroup;
			children = (
				7E2F036BA734652323B095D1 /* Molten.app */,
				B579A50421E03159FDEC17EC /* MoltenTests.xctest */,
			);
			name = Products;
			sourceTree = "<group>";
		};
		150AC1F352B23620805ED69A /* Document */ = {
			isa = PBXGroup;
			children = (
				C089F2045DF7F5AECE92D4FC /* MoltenDocument.swift */,
				4E45CA5C0AFA9E5C7FA10ABA /* MoltenDraftsStore.swift */,
				7CB667D2447B58BD5C36F775 /* MoltenFrontMatter.swift */,
			);
			path = Document;
			sourceTree = "<group>";
		};
		18475D405FBDBA37AD64D3A1 /* Projects */ = {
			isa = PBXGroup;
			children = (
				69B963AF68B8813AD1805B14 /* MoltenFileTree.swift */,
				67531834651DC84CC9D64B6A /* MoltenProject.swift */,
				0E54705283B29EB1A2949270 /* MoltenProjectContentSearch.swift */,
				0FB726D31B5778A7BE09F5F2 /* MoltenProjectStore.swift */,
			);
			path = Projects;
			sourceTree = "<group>";
		};
		2A37D5A5D77D12B14BF2D53D /* Export */ = {
			isa = PBXGroup;
			children = (
				AB0A032801C50974AEF48AA5 /* MoltenImageCardTypes.swift */,
			);
			path = Export;
			sourceTree = "<group>";
		};
		31A914154D1AA43E73B011DA /* Tests */ = {
			isa = PBXGroup;
			children = (
				6ACCAF3BCEB4738AE0C62C29 /* MoltenDocumentTests.swift */,
				824B85B547ECFF97AEE3A93A /* MoltenEditorBridgeTests.swift */,
				3D9386618A7E01B945A220F3 /* MoltenExporterTests.swift */,
				3E758BBBFCA1CD1894CAF1D9 /* MoltenExternalReloadTests.swift */,
				4F7C929C3E4EE8CA13CE4DC2 /* MoltenFrontMatterTests.swift */,
				B8512B471BC06414A58CC903 /* MoltenImageAttachmentTests.swift */,
				94FFF0E225D68003ABF6860A /* MoltenImageCardRenderTests.swift */,
				5799DC301D046AF70D35FE46 /* MoltenProjectStoreTests.swift */,
				0D82EA379B0128A30CE49CC7 /* MoltenWordCountTests.swift */,
			);
			path = Tests;
			sourceTree = "<group>";
		};
		4E3DE2444AE20E7E6D334ABA /* App */ = {
			isa = PBXGroup;
			children = (
				2AABB7864A1D73695F8A1F5F /* Info.plist */,
				32C1CA5D7AEA1874EF4D9DC1 /* main.swift */,
				393B627AAD075257FD4369B8 /* MoltenAppDelegate.swift */,
			);
			path = App;
			sourceTree = "<group>";
		};
		5685C952090A929F496F2DB4 /* Projects */ = {
			isa = PBXGroup;
			children = (
				895CCE1A03242370AAC8910D /* MoltenProjectsWindow.swift */,
			);
			path = Projects;
			sourceTree = "<group>";
		};
		62CD1E33A8262114CD4FEB5D /* Editor */ = {
			isa = PBXGroup;
			children = (
				CA525551E7A60DF5D24E2470 /* MoltenAssetSchemeHandler.swift */,
				B9B9B890670FCE5A4A517E87 /* MoltenEditorViewController.swift */,
				B724D4778BF1EB40504A1552 /* MoltenFileTreeSidebar.swift */,
				EB52B1E366015150046034BB /* MoltenWorkspaceViewController.swift */,
			);
			path = Editor;
			sourceTree = "<group>";
		};
		63988CDB4292555298010911 /* Resources */ = {
			isa = PBXGroup;
			children = (
				A078D38927778B1BA373E090 /* Assets.xcassets */,
			);
			path = Resources;
			sourceTree = "<group>";
		};
		836684E8E87BADF0E3DCD86C /* Document */ = {
			isa = PBXGroup;
			children = (
				C9280DD85DB8006255FB27FE /* MoltenDocumentController.swift */,
			);
			path = Document;
			sourceTree = "<group>";
		};
		A1F6D693FEB444936272668B /* Support */ = {
			isa = PBXGroup;
			children = (
				E62A43DF8DB92F64B9893EE1 /* BookmarkResolution.swift */,
				DCFDE872D5FA41BF846D8872 /* JavaScriptStringLiteral.swift */,
				705C94FA269E283DFB0085F8 /* L10n.swift */,
				B5F7E958C8E053540B6AAFC1 /* MoltenFolderAccess.swift */,
				985A890ADC043124F74615CC /* MoltenLog.swift */,
				00E4425EA69A153621A4DE98 /* MoltenWordCount.swift */,
			);
			path = Support;
			sourceTree = "<group>";
		};
		AA6876C74C807417C55F757D /* Mac */ = {
			isa = PBXGroup;
			children = (
				4E3DE2444AE20E7E6D334ABA /* App */,
				836684E8E87BADF0E3DCD86C /* Document */,
				62CD1E33A8262114CD4FEB5D /* Editor */,
				BCF0050135C3BE9A0DFA823C /* Export */,
				5685C952090A929F496F2DB4 /* Projects */,
			);
			path = Mac;
			sourceTree = "<group>";
		};
		BB8E77C1AE8241ADBD2F419C /* Shared */ = {
			isa = PBXGroup;
			children = (
				150AC1F352B23620805ED69A /* Document */,
				2A37D5A5D77D12B14BF2D53D /* Export */,
				18475D405FBDBA37AD64D3A1 /* Projects */,
				A1F6D693FEB444936272668B /* Support */,
			);
			path = Shared;
			sourceTree = "<group>";
		};
		BCF0050135C3BE9A0DFA823C /* Export */ = {
			isa = PBXGroup;
			children = (
				4CF350894101084313C945E3 /* MoltenExporter.swift */,
				3F1D4B912BBB78EA62A79810 /* MoltenImageCardExportView.swift */,
			);
			path = Export;
			sourceTree = "<group>";
		};
		C08F1550FA3C05DA2BF862F0 = {
			isa = PBXGroup;
			children = (
				1B8A2DDA6085B50FE670D647 /* dist */,
				A90A2BCB1FAF2D99E30C42C2 /* en.lproj */,
				7A536FAFD39F2B961E24C133 /* imagecard */,
				77DF7B07F0E6B9C3CA4C3B8D /* vendor */,
				65A34CEF3F71C4A7D8F56296 /* zh-Hans.lproj */,
				AA6876C74C807417C55F757D /* Mac */,
				63988CDB4292555298010911 /* Resources */,
				BB8E77C1AE8241ADBD2F419C /* Shared */,
				31A914154D1AA43E73B011DA /* Tests */,
				F8DD1A085AB9448B399F2BC1 /* Frameworks */,
				0C2788C3BCF1FE19FCA774A4 /* Products */,
			);
			sourceTree = "<group>";
		};
		F8DD1A085AB9448B399F2BC1 /* Frameworks */ = {
			isa = PBXGroup;
			children = (
				6BDBC09D8CB002C8F8CBB5A2 /* WebKit.framework */,
			);
			name = Frameworks;
			sourceTree = "<group>";
		};
/* End PBXGroup section */

/* Begin PBXNativeTarget section */
		60A8688906865AFAED51C458 /* MoltenTests */ = {
			isa = PBXNativeTarget;
			buildConfigurationList = C4B22BD859FF2F785D4C7FAC /* Build configuration list for PBXNativeTarget "MoltenTests" */;
			buildPhases = (
				D00D7F2851D3B1DA8EA371D4 /* Sources */,
			);
			buildRules = (
			);
			dependencies = (
				252C98AA1FDBAF5C2F00423B /* PBXTargetDependency */,
			);
			name = MoltenTests;
			packageProductDependencies = (
			);
			productName = MoltenTests;
			productReference = B579A50421E03159FDEC17EC /* MoltenTests.xctest */;
			productType = "com.apple.product-type.bundle.unit-test";
		};
		E6CCD85BEE81D8FF2ED073CA /* Molten */ = {
			isa = PBXNativeTarget;
			buildConfigurationList = 60B9711E78DDFA660AB8084E /* Build configuration list for PBXNativeTarget "Molten" */;
			buildPhases = (
				023149311AB0B31D58D734D1 /* Sources */,
				7C7F2B91214C24F109EC4F23 /* Resources */,
				9FAC36CEB083EBDA03DF61BF /* Frameworks */,
			);
			buildRules = (
			);
			dependencies = (
			);
			name = Molten;
			packageProductDependencies = (
			);
			productName = Molten;
			productReference = 7E2F036BA734652323B095D1 /* Molten.app */;
			productType = "com.apple.product-type.application";
		};
/* End PBXNativeTarget section */

/* Begin PBXProject section */
		96F2D1ABA9235DDF21F94D48 /* Project object */ = {
			isa = PBXProject;
			attributes = {
				BuildIndependentTargetsInParallel = YES;
				LastUpgradeCheck = 1430;
				TargetAttributes = {
					60A8688906865AFAED51C458 = {
						ProvisioningStyle = Manual;
					};
					E6CCD85BEE81D8FF2ED073CA = {
						DevelopmentTeam = "";
						ProvisioningStyle = Manual;
					};
				};
			};
			buildConfigurationList = C39B6B7C097878D7BA63FD10 /* Build configuration list for PBXProject "Molten" */;
			compatibilityVersion = "Xcode 14.0";
			developmentRegion = en;
			hasScannedForEncodings = 0;
			knownRegions = (
				Base,
				en,
			);
			mainGroup = C08F1550FA3C05DA2BF862F0;
			minimizedProjectReferenceProxies = 1;
			preferredProjectObjectVersion = 77;
			projectDirPath = "";
			projectRoot = "";
			targets = (
				E6CCD85BEE81D8FF2ED073CA /* Molten */,
				60A8688906865AFAED51C458 /* MoltenTests */,
			);
		};
/* End PBXProject section */

/* Begin PBXResourcesBuildPhase section */
		7C7F2B91214C24F109EC4F23 /* Resources */ = {
			isa = PBXResourcesBuildPhase;
			buildActionMask = 2147483647;
			files = (
				D8D2B8B98F8894B64F08157A /* Assets.xcassets in Resources */,
				F820BB566CDCC61B1107DFC1 /* dist in Resources */,
				3AA68C4032D8F2C1FC602725 /* en.lproj in Resources */,
				2E0862952466BF5A7E95896B /* imagecard in Resources */,
				8CF9CF8432D3596565D471C2 /* vendor in Resources */,
				0EF2DD5FAD7CEE59AB6BBFB9 /* zh-Hans.lproj in Resources */,
			);
			runOnlyForDeploymentPostprocessing = 0;
		};
/* End PBXResourcesBuildPhase section */

/* Begin PBXSourcesBuildPhase section */
		023149311AB0B31D58D734D1 /* Sources */ = {
			isa = PBXSourcesBuildPhase;
			buildActionMask = 2147483647;
			files = (
				0FAAA45F0430D0A8C79C081B /* BookmarkResolution.swift in Sources */,
				EDE1030EFA7B18D7398610FD /* JavaScriptStringLiteral.swift in Sources */,
				1FE7F87AF5697C05008B516C /* L10n.swift in Sources */,
				4BF1666B909FE3A793977811 /* MoltenAppDelegate.swift in Sources */,
				744E8B972E2F12D641D38DFC /* MoltenAssetSchemeHandler.swift in Sources */,
				747299B76B610BAA7532E785 /* MoltenDocument.swift in Sources */,
				99D7087CE7931BE3F61F8981 /* MoltenDocumentController.swift in Sources */,
				B98A6349F6A347A407B5F23F /* MoltenDraftsStore.swift in Sources */,
				205063E9639C387B0DB1F9ED /* MoltenEditorViewController.swift in Sources */,
				829C988486926969746F8C07 /* MoltenExporter.swift in Sources */,
				0C48DDC49A34AB89D58FA7F9 /* MoltenFileTree.swift in Sources */,
				5DDE4596B0667C6B13BB7121 /* MoltenFileTreeSidebar.swift in Sources */,
				DE568BF4BFFD3C3D41C202E1 /* MoltenFolderAccess.swift in Sources */,
				EFC4FA5BD93B1F4754325A3A /* MoltenFrontMatter.swift in Sources */,
				E2957259445F4658DCCE578E /* MoltenImageCardExportView.swift in Sources */,
				68D02EF0D49DB2CAC4868467 /* MoltenImageCardTypes.swift in Sources */,
				288FEDCB52E4D3CCE520EDCC /* MoltenLog.swift in Sources */,
				7FC51F5C553ACF5E6F7F1274 /* MoltenProject.swift in Sources */,
				A38A3A9477D1F2E1272DD92D /* MoltenProjectContentSearch.swift in Sources */,
				BEBF22D1591DF492F00F7952 /* MoltenProjectStore.swift in Sources */,
				15CFA06377BFD9D42A3B70A6 /* MoltenProjectsWindow.swift in Sources */,
				A67E238727EE7930752DEEC9 /* MoltenWordCount.swift in Sources */,
				4A458458C2E3311DB26F47D4 /* MoltenWorkspaceViewController.swift in Sources */,
				0D5C85462A8D17749D814194 /* main.swift in Sources */,
			);
			runOnlyForDeploymentPostprocessing = 0;
		};
		D00D7F2851D3B1DA8EA371D4 /* Sources */ = {
			isa = PBXSourcesBuildPhase;
			buildActionMask = 2147483647;
			files = (
				B7DEA19F47FDEB4C04E8B447 /* MoltenDocumentTests.swift in Sources */,
				20206DE87C4F13E73B17D0C0 /* MoltenEditorBridgeTests.swift in Sources */,
				75A011BD5BD15BC5291B2A09 /* MoltenExporterTests.swift in Sources */,
				D6F3CE95E133E1F60AF493F5 /* MoltenExternalReloadTests.swift in Sources */,
				57982201048DACF75C364169 /* MoltenFrontMatterTests.swift in Sources */,
				BBFB02FC84DC34D2AA2057CF /* MoltenImageAttachmentTests.swift in Sources */,
				7B8F48CA4E578AAE2F744146 /* MoltenImageCardRenderTests.swift in Sources */,
				A4B73C28D73389AF0631F99D /* MoltenProjectStoreTests.swift in Sources */,
				A4131B567265C427608C7DD4 /* MoltenWordCountTests.swift in Sources */,
			);
			runOnlyForDeploymentPostprocessing = 0;
		};
/* End PBXSourcesBuildPhase section */

/* Begin PBXTargetDependency section */
		252C98AA1FDBAF5C2F00423B /* PBXTargetDependency */ = {
			isa = PBXTargetDependency;
			target = E6CCD85BEE81D8FF2ED073CA /* Molten */;
			targetProxy = 47BBB15F8EA228D10494C4AC /* PBXContainerItemProxy */;
		};
/* End PBXTargetDependency section */

/* Begin XCBuildConfiguration section */
		2A9C8E46101BCADBD3278900 /* Debug */ = {
			isa = XCBuildConfiguration;
			buildSettings = {
				ALWAYS_SEARCH_USER_PATHS = NO;
				CLANG_ANALYZER_NONNULL = YES;
				CLANG_ANALYZER_NUMBER_OBJECT_CONVERSION = YES_AGGRESSIVE;
				CLANG_CXX_LANGUAGE_STANDARD = "gnu++14";
				CLANG_CXX_LIBRARY = "libc++";
				CLANG_ENABLE_MODULES = YES;
				CLANG_ENABLE_OBJC_ARC = YES;
				CLANG_ENABLE_OBJC_WEAK = YES;
				CLANG_WARN_BLOCK_CAPTURE_AUTORELEASING = YES;
				CLANG_WARN_BOOL_CONVERSION = YES;
				CLANG_WARN_COMMA = YES;
				CLANG_WARN_CONSTANT_CONVERSION = YES;
				CLANG_WARN_DEPRECATED_OBJC_IMPLEMENTATIONS = YES;
				CLANG_WARN_DIRECT_OBJC_ISA_USAGE = YES_ERROR;
				CLANG_WARN_DOCUMENTATION_COMMENTS = YES;
				CLANG_WARN_EMPTY_BODY = YES;
				CLANG_WARN_ENUM_CONVERSION = YES;
				CLANG_WARN_INFINITE_RECURSION = YES;
				CLANG_WARN_INT_CONVERSION = YES;
				CLANG_WARN_NON_LITERAL_NULL_CONVERSION = YES;
				CLANG_WARN_OBJC_IMPLICIT_RETAIN_SELF = YES;
				CLANG_WARN_OBJC_LITERAL_CONVERSION = YES;
				CLANG_WARN_OBJC_ROOT_CLASS = YES_ERROR;
				CLANG_WARN_QUOTED_INCLUDE_IN_FRAMEWORK_HEADER = YES;
				CLANG_WARN_RANGE_LOOP_ANALYSIS = YES;
				CLANG_WARN_STRICT_PROTOTYPES = YES;
				CLANG_WARN_SUSPICIOUS_MOVE = YES;
				CLANG_WARN_UNGUARDED_AVAILABILITY = YES_AGGRESSIVE;
				CLANG_WARN_UNREACHABLE_CODE = YES;
				CLANG_WARN__DUPLICATE_METHOD_MATCH = YES;
				COPY_PHASE_STRIP = NO;
				DEBUG_INFORMATION_FORMAT = dwarf;
				ENABLE_STRICT_OBJC_MSGSEND = YES;
				ENABLE_TESTABILITY = YES;
				GCC_C_LANGUAGE_STANDARD = gnu11;
				GCC_DYNAMIC_NO_PIC = NO;
				GCC_NO_COMMON_BLOCKS = YES;
				GCC_OPTIMIZATION_LEVEL = 0;
				GCC_PREPROCESSOR_DEFINITIONS = (
					"$(inherited)",
					"DEBUG=1",
				);
				GCC_WARN_64_TO_32_BIT_CONVERSION = YES;
				GCC_WARN_ABOUT_RETURN_TYPE = YES_ERROR;
				GCC_WARN_UNDECLARED_SELECTOR = YES;
				GCC_WARN_UNINITIALIZED_AUTOS = YES_AGGRESSIVE;
				GCC_WARN_UNUSED_FUNCTION = YES;
				GCC_WARN_UNUSED_VARIABLE = YES;
				MACOSX_DEPLOYMENT_TARGET = 13.0;
				MTL_ENABLE_DEBUG_INFO = INCLUDE_SOURCE;
				MTL_FAST_MATH = YES;
				ONLY_ACTIVE_ARCH = YES;
				PRODUCT_NAME = "$(TARGET_NAME)";
				SDKROOT = macosx;
				SWIFT_ACTIVE_COMPILATION_CONDITIONS = DEBUG;
				SWIFT_OPTIMIZATION_LEVEL = "-Onone";
				SWIFT_VERSION = 5.0;
			};
			name = Debug;
		};
		53746D9951173192169F1A2E /* Release */ = {
			isa = XCBuildConfiguration;
			buildSettings = {
				BUNDLE_LOADER = "$(TEST_HOST)";
				CODE_SIGN_IDENTITY = "-";
				CODE_SIGN_STYLE = Manual;
				COMBINE_HIDPI_IMAGES = YES;
				GENERATE_INFOPLIST_FILE = YES;
				LD_RUNPATH_SEARCH_PATHS = (
					"$(inherited)",
					"@executable_path/../Frameworks",
					"@loader_path/../Frameworks",
				);
				PRODUCT_BUNDLE_IDENTIFIER = com.aaron.molten.tests;
				SDKROOT = macosx;
				TEST_HOST = "$(BUILT_PRODUCTS_DIR)/Molten.app/Contents/MacOS/Molten";
			};
			name = Release;
		};
		53BF8890B1104E0C662987CC /* Release */ = {
			isa = XCBuildConfiguration;
			buildSettings = {
				ALWAYS_SEARCH_USER_PATHS = NO;
				CLANG_ANALYZER_NONNULL = YES;
				CLANG_ANALYZER_NUMBER_OBJECT_CONVERSION = YES_AGGRESSIVE;
				CLANG_CXX_LANGUAGE_STANDARD = "gnu++14";
				CLANG_CXX_LIBRARY = "libc++";
				CLANG_ENABLE_MODULES = YES;
				CLANG_ENABLE_OBJC_ARC = YES;
				CLANG_ENABLE_OBJC_WEAK = YES;
				CLANG_WARN_BLOCK_CAPTURE_AUTORELEASING = YES;
				CLANG_WARN_BOOL_CONVERSION = YES;
				CLANG_WARN_COMMA = YES;
				CLANG_WARN_CONSTANT_CONVERSION = YES;
				CLANG_WARN_DEPRECATED_OBJC_IMPLEMENTATIONS = YES;
				CLANG_WARN_DIRECT_OBJC_ISA_USAGE = YES_ERROR;
				CLANG_WARN_DOCUMENTATION_COMMENTS = YES;
				CLANG_WARN_EMPTY_BODY = YES;
				CLANG_WARN_ENUM_CONVERSION = YES;
				CLANG_WARN_INFINITE_RECURSION = YES;
				CLANG_WARN_INT_CONVERSION = YES;
				CLANG_WARN_NON_LITERAL_NULL_CONVERSION = YES;
				CLANG_WARN_OBJC_IMPLICIT_RETAIN_SELF = YES;
				CLANG_WARN_OBJC_LITERAL_CONVERSION = YES;
				CLANG_WARN_OBJC_ROOT_CLASS = YES_ERROR;
				CLANG_WARN_QUOTED_INCLUDE_IN_FRAMEWORK_HEADER = YES;
				CLANG_WARN_RANGE_LOOP_ANALYSIS = YES;
				CLANG_WARN_STRICT_PROTOTYPES = YES;
				CLANG_WARN_SUSPICIOUS_MOVE = YES;
				CLANG_WARN_UNGUARDED_AVAILABILITY = YES_AGGRESSIVE;
				CLANG_WARN_UNREACHABLE_CODE = YES;
				CLANG_WARN__DUPLICATE_METHOD_MATCH = YES;
				COPY_PHASE_STRIP = NO;
				DEBUG_INFORMATION_FORMAT = "dwarf-with-dsym";
				ENABLE_NS_ASSERTIONS = NO;
				ENABLE_STRICT_OBJC_MSGSEND = YES;
				GCC_C_LANGUAGE_STANDARD = gnu11;
				GCC_NO_COMMON_BLOCKS = YES;
				GCC_WARN_64_TO_32_BIT_CONVERSION = YES;
				GCC_WARN_ABOUT_RETURN_TYPE = YES_ERROR;
				GCC_WARN_UNDECLARED_SELECTOR = YES;
				GCC_WARN_UNINITIALIZED_AUTOS = YES_AGGRESSIVE;
				GCC_WARN_UNUSED_FUNCTION = YES;
				GCC_WARN_UNUSED_VARIABLE = YES;
				MACOSX_DEPLOYMENT_TARGET = 13.0;
				MTL_ENABLE_DEBUG_INFO = NO;
				MTL_FAST_MATH = YES;
				ONLY_ACTIVE_ARCH = NO;
				PRODUCT_NAME = "$(TARGET_NAME)";
				SDKROOT = macosx;
				SWIFT_COMPILATION_MODE = wholemodule;
				SWIFT_OPTIMIZATION_LEVEL = "-O";
				SWIFT_VERSION = 5.0;
			};
			name = Release;
		};
		74060D405E0540CC4E490636 /* Debug */ = {
			isa = XCBuildConfiguration;
			buildSettings = {
				ASSETCATALOG_COMPILER_APPICON_NAME = AppIcon;
				CODE_SIGN_ENTITLEMENTS = Molten.entitlements;
				CODE_SIGN_IDENTITY = "-";
				CODE_SIGN_STYLE = Manual;
				COMBINE_HIDPI_IMAGES = YES;
				CURRENT_PROJECT_VERSION = 1;
				DEVELOPMENT_TEAM = "";
				ENABLE_HARDENED_RUNTIME = YES;
				GENERATE_INFOPLIST_FILE = NO;
				INFOPLIST_FILE = Mac/App/Info.plist;
				LD_RUNPATH_SEARCH_PATHS = (
					"$(inherited)",
					"@executable_path/../Frameworks",
				);
				MARKETING_VERSION = 0.1.0;
				PRODUCT_BUNDLE_IDENTIFIER = com.aaron.molten;
				PRODUCT_NAME = Molten;
				SDKROOT = macosx;
			};
			name = Debug;
		};
		9CE147326890C2B7BF172552 /* Release */ = {
			isa = XCBuildConfiguration;
			buildSettings = {
				ASSETCATALOG_COMPILER_APPICON_NAME = AppIcon;
				CODE_SIGN_ENTITLEMENTS = Molten.entitlements;
				CODE_SIGN_IDENTITY = "-";
				CODE_SIGN_STYLE = Manual;
				COMBINE_HIDPI_IMAGES = YES;
				CURRENT_PROJECT_VERSION = 1;
				DEVELOPMENT_TEAM = "";
				ENABLE_HARDENED_RUNTIME = YES;
				GENERATE_INFOPLIST_FILE = NO;
				INFOPLIST_FILE = Mac/App/Info.plist;
				LD_RUNPATH_SEARCH_PATHS = (
					"$(inherited)",
					"@executable_path/../Frameworks",
				);
				MARKETING_VERSION = 0.1.0;
				PRODUCT_BUNDLE_IDENTIFIER = com.aaron.molten;
				PRODUCT_NAME = Molten;
				SDKROOT = macosx;
			};
			name = Release;
		};
		A31B83F710CD116849FE8DA0 /* Debug */ = {
			isa = XCBuildConfiguration;
			buildSettings = {
				BUNDLE_LOADER = "$(TEST_HOST)";
				CODE_SIGN_IDENTITY = "-";
				CODE_SIGN_STYLE = Manual;
				COMBINE_HIDPI_IMAGES = YES;
				GENERATE_INFOPLIST_FILE = YES;
				LD_RUNPATH_SEARCH_PATHS = (
					"$(inherited)",
					"@executable_path/../Frameworks",
					"@loader_path/../Frameworks",
				);
				PRODUCT_BUNDLE_IDENTIFIER = com.aaron.molten.tests;
				SDKROOT = macosx;
				TEST_HOST = "$(BUILT_PRODUCTS_DIR)/Molten.app/Contents/MacOS/Molten";
			};
			name = Debug;
		};
/* End XCBuildConfiguration section */

/* Begin XCConfigurationList section */
		60B9711E78DDFA660AB8084E /* Build configuration list for PBXNativeTarget "Molten" */ = {
			isa = XCConfigurationList;
			buildConfigurations = (
				74060D405E0540CC4E490636 /* Debug */,
				9CE147326890C2B7BF172552 /* Release */,
			);
			defaultConfigurationIsVisible = 0;
			defaultConfigurationName = Debug;
		};
		C39B6B7C097878D7BA63FD10 /* Build configuration list for PBXProject "Molten" */ = {
			isa = XCConfigurationList;
			buildConfigurations = (
				2A9C8E46101BCADBD3278900 /* Debug */,
				53BF8890B1104E0C662987CC /* Release */,
			);
			defaultConfigurationIsVisible = 0;
			defaultConfigurationName = Debug;
		};
		C4B22BD859FF2F785D4C7FAC /* Build configuration list for PBXNativeTarget "MoltenTests" */ = {
			isa = XCConfigurationList;
			buildConfigurations = (
				A31B83F710CD116849FE8DA0 /* Debug */,
				53746D9951173192169F1A2E /* Release */,
			);
			defaultConfigurationIsVisible = 0;
			defaultConfigurationName = Debug;
		};
/* End XCConfigurationList section */
	};
	rootObject = 96F2D1ABA9235DDF21F94D48 /* Project object */;
}
